
Microsoft Visual Studio Solution File, Format Version 12.00
# Visual Studio Version 16
VisualStudioVersion = 16.0.31005.135
MinimumVisualStudioVersion = 10.0.40219.1
Project("{FAE04EC0-301F-11D3-BF4B-00C04F79EFBC}") = "matchingbrackets", "matchingbrackets.csproj", "{9E95238D-3418-4223-B12E-A2A61D6DB4C5}"
EndProject
Global
	GlobalSection(SolutionConfigurationPlatforms) = preSolution
		Debug|Any CPU = Debug|Any CPU
		Release|Any CPU = Release|Any CPU
	EndGlobalSection
	GlobalSection(ProjectConfigurationPlatforms) = postSolution
		{9E95238D-3418-4223-B12E-A2A61D6DB4C5}.Debug|Any CPU.ActiveCfg = Debug|Any CPU
		{9E95238D-3418-4223-B12E-A2A61D6DB4C5}.Debug|Any CPU.Build.0 = Debug|Any CPU
		{9E95238D-3418-4223-B12E-A2A61D6DB4C5}.Release|Any CPU.ActiveCfg = Release|Any CPU
		{9E95238D-3418-4223-B12E-A2A61D6DB4C5}.Release|Any CPU.Build.0 = Release|Any CPU
	EndGlobalSection
	GlobalSection(SolutionProperties) = preSolution
		HideSolutionNode = FALSE
	EndGlobalSection
	GlobalSection(ExtensibilityGlobals) = postSolution
		SolutionGuid = {8B7EA5C1-F5A7-4D34-9F7F-F399DAF6ABEE}
	EndGlobalSection
EndGlobal
